
Microsoft Visual Studio Solution File, Format Version 12.00
# Visual Studio 15
VisualStudioVersion = 15.0.28307.705
MinimumVisualStudioVersion = 10.0.40219.1
Project("{FAE04EC0-301F-11D3-BF4B-00C04F79EFBC}") = "SignatureSample.Android", "SignatureSample\SignatureSample.Android\SignatureSample.Android.csproj", "{CF27B47D-116C-4592-8BE5-990EE2263CFD}"
EndProject
Project("{FAE04EC0-301F-11D3-BF4B-00C04F79EFBC}") = "SignatureSample.iOS", "SignatureSample\SignatureSample.iOS\SignatureSample.iOS.csproj", "{46D5A4C6-2414-4C6C-8B64-A475F85342F0}"
EndProject
Project("{FAE04EC0-301F-11D3-BF4B-00C04F79EFBC}") = "SignatureSample.UWP", "SignatureSample\SignatureSample.UWP\SignatureSample.UWP.csproj", "{1DB10EE5-5AF3-4E72-A08C-F01DB4C3EBAE}"
EndProject
Project("{FAE04EC0-301F-11D3-BF4B-00C04F79EFBC}") = "SignatureSample", "SignatureSample\SignatureSample\SignatureSample.csproj", "{BE3CA281-A5AA-4E29-9F7C-D07B61A9530F}"
EndProject
Global
	GlobalSection(SolutionConfigurationPlatforms) = preSolution
		Ad-Hoc|Any CPU = Ad-Hoc|Any CPU
		Ad-Hoc|ARM = Ad-Hoc|ARM
		Ad-Hoc|iPhone = Ad-Hoc|iPhone
		Ad-Hoc|iPhoneSimulator = Ad-Hoc|iPhoneSimulator
		Ad-Hoc|x64 = Ad-Hoc|x64
		Ad-Hoc|x86 = Ad-Hoc|x86
		AppStore|Any CPU = AppStore|Any CPU
		AppStore|ARM = AppStore|ARM
		AppStore|iPhone = AppStore|iPhone
		AppStore|iPhoneSimulator = AppStore|iPhoneSimulator
		AppStore|x64 = AppStore|x64
		AppStore|x86 = AppStore|x86
		Debug|Any CPU = Debug|Any CPU
		Debug|ARM = Debug|ARM
		Debug|iPhone = Debug|iPhone
		Debug|iPhoneSimulator = Debug|iPhoneSimulator
		Debug|x64 = Debug|x64
		Debug|x86 = Debug|x86
		Release|Any CPU = Release|Any CPU
		Release|ARM = Release|ARM
		Release|iPhone = Release|iPhone
		Release|iPhoneSimulator = Release|iPhoneSimulator
		Release|x64 = Release|x64
		Release|x86 = Release|x86
	EndGlobalSection
	GlobalSection(ProjectConfigurationPlatforms) = postSolution
		{CF27B47D-116C-4592-8BE5-990EE2263CFD}.Ad-Hoc|Any CPU.ActiveCfg = Release|Any CPU
		{CF27B47D-116C-4592-8BE5-990EE2263CFD}.Ad-Hoc|Any CPU.Build.0 = Release|Any CPU
		{CF27B47D-116C-4592-8BE5-990EE2263CFD}.Ad-Hoc|Any CPU.Deploy.0 = Release|Any CPU
		{CF27B47D-116C-4592-8BE5-990EE2263CFD}.Ad-Hoc|ARM.ActiveCfg = Release|Any CPU
		{CF27B47D-116C-4592-8BE5-990EE2263CFD}.Ad-Hoc|ARM.Build.0 = Release|Any CPU
		{CF27B47D-116C-4592-8BE5-990EE2263CFD}.Ad-Hoc|ARM.Deploy.0 = Release|Any CPU
		{CF27B47D-116C-4592-8BE5-990EE2263CFD}.Ad-Hoc|iPhone.ActiveCfg = Release|Any CPU
		{CF27B47D-116C-4592-8BE5-990EE2263CFD}.Ad-Hoc|iPhone.Build.0 = Release|Any CPU
		{CF27B47D-116C-4592-8BE5-990EE2263CFD}.Ad-Hoc|iPhone.Deploy.0 = Release|Any CPU
		{CF27B47D-116C-4592-8BE5-990EE2263CFD}.Ad-Hoc|iPhoneSimulator.ActiveCfg = Release|Any CPU
		{CF27B47D-116C-4592-8BE5-990EE2263CFD}.Ad-Hoc|iPhoneSimulator.Build.0 = Release|Any CPU
		{CF27B47D-116C-4592-8BE5-990EE2263CFD}.Ad-Hoc|iPhoneSimulator.Deploy.0 = Release|Any CPU
		{CF27B47D-116C-4592-8BE5-990EE2263CFD}.Ad-Hoc|x64.ActiveCfg = Release|Any CPU
		{CF27B47D-116C-4592-8BE5-990EE2263CFD}.Ad-Hoc|x64.Build.0 = Release|Any CPU
		{CF27B47D-116C-4592-8BE5-990EE2263CFD}.Ad-Hoc|x64.Deploy.0 = Release|Any CPU
		{CF27B47D-116C-4592-8BE5-990EE2263CFD}.Ad-Hoc|x86.ActiveCfg = Release|Any CPU
		{CF27B47D-116C-4592-8BE5-990EE2263CFD}.Ad-Hoc|x86.Build.0 = Release|Any CPU
		{CF27B47D-116C-4592-8BE5-990EE2263CFD}.Ad-Hoc|x86.Deploy.0 = Release|Any CPU
		{CF27B47D-116C-4592-8BE5-990EE2263CFD}.AppStore|Any CPU.ActiveCfg = Release|Any CPU
		{CF27B47D-116C-4592-8BE5-990EE2263CFD}.AppStore|Any CPU.Build.0 = Release|Any CPU
		{CF27B47D-116C-4592-8BE5-990EE2263CFD}.AppStore|Any CPU.Deploy.0 = Release|Any CPU
		{CF27B47D-116C-4592-8BE5-990EE2263CFD}.AppStore|ARM.ActiveCfg = Release|Any CPU
		{CF27B47D-116C-4592-8BE5-990EE2263CFD}.AppStore|ARM.Build.0 = Release|Any CPU
		{CF27B47D-116C-4592-8BE5-990EE2263CFD}.AppStore|ARM.Deploy.0 = Release|Any CPU
		{CF27B47D-116C-4592-8BE5-990EE2263CFD}.AppStore|iPhone.ActiveCfg = Release|Any CPU
		{CF27B47D-116C-4592-8BE5-990EE2263CFD}.AppStore|iPhone.Build.0 = Release|Any CPU
		{CF27B47D-116C-4592-8BE5-990EE2263CFD}.AppStore|iPhone.Deploy.0 = Release|Any CPU
		{CF27B47D-116C-4592-8BE5-990EE2263CFD}.AppStore|iPhoneSimulator.ActiveCfg = Release|Any CPU
		{CF27B47D-116C-4592-8BE5-990EE2263CFD}.AppStore|iPhoneSimulator.Build.0 = Release|Any CPU
		{CF27B47D-116C-4592-8BE5-990EE2263CFD}.AppStore|iPhoneSimulator.Deploy.0 = Release|Any CPU
		{CF27B47D-116C-4592-8BE5-990EE2263CFD}.AppStore|x64.ActiveCfg = Release|Any CPU
		{CF27B47D-116C-4592-8BE5-990EE2263CFD}.AppStore|x64.Build.0 = Release|Any CPU
		{CF27B47D-116C-4592-8BE5-990EE2263CFD}.AppStore|x64.Deploy.0 = Release|Any CPU
		{CF27B47D-116C-4592-8BE5-990EE2263CFD}.AppStore|x86.ActiveCfg = Release|Any CPU
		{CF27B47D-116C-4592-8BE5-990EE2263CFD}.AppStore|x86.Build.0 = Release|Any CPU
		{CF27B47D-116C-4592-8BE5-990EE2263CFD}.AppStore|x86.Deploy.0 = Release|Any CPU
		{CF27B47D-116C-4592-8BE5-990EE2263CFD}.Debug|Any CPU.ActiveCfg = Debug|Any CPU
		{CF27B47D-116C-4592-8BE5-990EE2263CFD}.Debug|Any CPU.Build.0 = Debug|Any CPU
		{CF27B47D-116C-4592-8BE5-990EE2263CFD}.Debug|Any CPU.Deploy.0 = Debug|Any CPU
		{CF27B47D-116C-4592-8BE5-990EE2263CFD}.Debug|ARM.ActiveCfg = Debug|Any CPU
		{CF27B47D-116C-4592-8BE5-990EE2263CFD}.Debug|ARM.Build.0 = Debug|Any CPU
		{CF27B47D-116C-4592-8BE5-990EE2263CFD}.Debug|ARM.Deploy.0 = Debug|Any CPU
		{CF27B47D-116C-4592-8BE5-990EE2263CFD}.Debug|iPhone.ActiveCfg = Debug|Any CPU
		{CF27B47D-116C-4592-8BE5-990EE2263CFD}.Debug|iPhone.Build.0 = Debug|Any CPU
		{CF27B47D-116C-4592-8BE5-990EE2263CFD}.Debug|iPhone.Deploy.0 = Debug|Any CPU
		{CF27B47D-116C-4592-8BE5-990EE2263CFD}.Debug|iPhoneSimulator.ActiveCfg = Debug|Any CPU
		{CF27B47D-116C-4592-8BE5-990EE2263CFD}.Debug|iPhoneSimulator.Build.0 = Debug|Any CPU
		{CF27B47D-116C-4592-8BE5-990EE2263CFD}.Debug|iPhoneSimulator.Deploy.0 = Debug|Any CPU
		{CF27B47D-116C-4592-8BE5-990EE2263CFD}.Debug|x64.ActiveCfg = Debug|Any CPU
		{CF27B47D-116C-4592-8BE5-990EE2263CFD}.Debug|x64.Build.0 = Debug|Any CPU
		{CF27B47D-116C-4592-8BE5-990EE2263CFD}.Debug|x64.Deploy.0 = Debug|Any CPU
		{CF27B47D-116C-4592-8BE5-990EE2263CFD}.Debug|x86.ActiveCfg = Debug|Any CPU
		{CF27B47D-116C-4592-8BE5-990EE2263CFD}.Debug|x86.Build.0 = Debug|Any CPU
		{CF27B47D-116C-4592-8BE5-990EE2263CFD}.Debug|x86.Deploy.0 = Debug|Any CPU
		{CF27B47D-116C-4592-8BE5-990EE2263CFD}.Release|Any CPU.ActiveCfg = Release|Any CPU
		{CF27B47D-116C-4592-8BE5-990EE2263CFD}.Release|Any CPU.Build.0 = Release|Any CPU
		{CF27B47D-116C-4592-8BE5-990EE2263CFD}.Release|Any CPU.Deploy.0 = Release|Any CPU
		{CF27B47D-116C-4592-8BE5-990EE2263CFD}.Release|ARM.ActiveCfg = Release|Any CPU
		{CF27B47D-116C-4592-8BE5-990EE2263CFD}.Release|ARM.Build.0 = Release|Any CPU
		{CF27B47D-116C-4592-8BE5-990EE2263CFD}.Release|ARM.Deploy.0 = Release|Any CPU
		{CF27B47D-116C-4592-8BE5-990EE2263CFD}.Release|iPhone.ActiveCfg = Release|Any CPU
		{CF27B47D-116C-4592-8BE5-990EE2263CFD}.Release|iPhone.Build.0 = Release|Any CPU
		{CF27B47D-116C-4592-8BE5-990EE2263CFD}.Release|iPhone.Deploy.0 = Release|Any CPU
		{CF27B47D-116C-4592-8BE5-990EE2263CFD}.Release|iPhoneSimulator.ActiveCfg = Release|Any CPU
		{CF27B47D-116C-4592-8BE5-990EE2263CFD}.Release|iPhoneSimulator.Build.0 = Release|Any CPU
		{CF27B47D-116C-4592-8BE5-990EE2263CFD}.Release|iPhoneSimulator.Deploy.0 = Release|Any CPU
		{CF27B47D-116C-4592-8BE5-990EE2263CFD}.Release|x64.ActiveCfg = Release|Any CPU
		{CF27B47D-116C-4592-8BE5-990EE2263CFD}.Release|x64.Build.0 = Release|Any CPU
		{CF27B47D-116C-4592-8BE5-990EE2263CFD}.Release|x64.Deploy.0 = Release|Any CPU
		{CF27B47D-116C-4592-8BE5-990EE2263CFD}.Release|x86.ActiveCfg = Release|Any CPU
		{CF27B47D-116C-4592-8BE5-990EE2263CFD}.Release|x86.Build.0 = Release|Any CPU
		{CF27B47D-116C-4592-8BE5-990EE2263CFD}.Release|x86.Deploy.0 = Release|Any CPU
		{46D5A4C6-2414-4C6C-8B64-A475F85342F0}.Ad-Hoc|Any CPU.ActiveCfg = Ad-Hoc|iPhone
		{46D5A4C6-2414-4C6C-8B64-A475F85342F0}.Ad-Hoc|Any CPU.Build.0 = Ad-Hoc|iPhone
		{46D5A4C6-2414-4C6C-8B64-A475F85342F0}.Ad-Hoc|Any CPU.Deploy.0 = Ad-Hoc|iPhone
		{46D5A4C6-2414-4C6C-8B64-A475F85342F0}.Ad-Hoc|ARM.ActiveCfg = Ad-Hoc|iPhone
		{46D5A4C6-2414-4C6C-8B64-A475F85342F0}.Ad-Hoc|ARM.Build.0 = Ad-Hoc|iPhone
		{46D5A4C6-2414-4C6C-8B64-A475F85342F0}.Ad-Hoc|ARM.Deploy.0 = Ad-Hoc|iPhone
		{46D5A4C6-2414-4C6C-8B64-A475F85342F0}.Ad-Hoc|iPhone.ActiveCfg = Ad-Hoc|iPhone
		{46D5A4C6-2414-4C6C-8B64-A475F85342F0}.Ad-Hoc|iPhone.Build.0 = Ad-Hoc|iPhone
		{46D5A4C6-2414-4C6C-8B64-A475F85342F0}.Ad-Hoc|iPhone.Deploy.0 = Ad-Hoc|iPhone
		{46D5A4C6-2414-4C6C-8B64-A475F85342F0}.Ad-Hoc|iPhoneSimulator.ActiveCfg = Ad-Hoc|iPhoneSimulator
		{46D5A4C6-2414-4C6C-8B64-A475F85342F0}.Ad-Hoc|iPhoneSimulator.Build.0 = Ad-Hoc|iPhoneSimulator
		{46D5A4C6-2414-4C6C-8B64-A475F85342F0}.Ad-Hoc|iPhoneSimulator.Deploy.0 = Ad-Hoc|iPhoneSimulator
		{46D5A4C6-2414-4C6C-8B64-A475F85342F0}.Ad-Hoc|x64.ActiveCfg = Ad-Hoc|iPhone
		{46D5A4C6-2414-4C6C-8B64-A475F85342F0}.Ad-Hoc|x64.Build.0 = Ad-Hoc|iPhone
		{46D5A4C6-2414-4C6C-8B64-A475F85342F0}.Ad-Hoc|x64.Deploy.0 = Ad-Hoc|iPhone
		{46D5A4C6-2414-4C6C-8B64-A475F85342F0}.Ad-Hoc|x86.ActiveCfg = Ad-Hoc|iPhone
		{46D5A4C6-2414-4C6C-8B64-A475F85342F0}.Ad-Hoc|x86.Build.0 = Ad-Hoc|iPhone
		{46D5A4C6-2414-4C6C-8B64-A475F85342F0}.Ad-Hoc|x86.Deploy.0 = Ad-Hoc|iPhone
		{46D5A4C6-2414-4C6C-8B64-A475F85342F0}.AppStore|Any CPU.ActiveCfg = AppStore|iPhone
		{46D5A4C6-2414-4C6C-8B64-A475F85342F0}.AppStore|Any CPU.Build.0 = AppStore|iPhone
		{46D5A4C6-2414-4C6C-8B64-A475F85342F0}.AppStore|Any CPU.Deploy.0 = AppStore|iPhone
		{46D5A4C6-2414-4C6C-8B64-A475F85342F0}.AppStore|ARM.ActiveCfg = AppStore|iPhone
		{46D5A4C6-2414-4C6C-8B64-A475F85342F0}.AppStore|ARM.Build.0 = AppStore|iPhone
		{46D5A4C6-2414-4C6C-8B64-A475F85342F0}.AppStore|ARM.Deploy.0 = AppStore|iPhone
		{46D5A4C6-2414-4C6C-8B64-A475F85342F0}.AppStore|iPhone.ActiveCfg = AppStore|iPhone
		{46D5A4C6-2414-4C6C-8B64-A475F85342F0}.AppStore|iPhone.Build.0 = AppStore|iPhone
		{46D5A4C6-2414-4C6C-8B64-A475F85342F0}.AppStore|iPhone.Deploy.0 = AppStore|iPhone
		{46D5A4C6-2414-4C6C-8B64-A475F85342F0}.AppStore|iPhoneSimulator.ActiveCfg = AppStore|iPhoneSimulator
		{46D5A4C6-2414-4C6C-8B64-A475F85342F0}.AppStore|iPhoneSimulator.Build.0 = AppStore|iPhoneSimulator
		{46D5A4C6-2414-4C6C-8B64-A475F85342F0}.AppStore|iPhoneSimulator.Deploy.0 = AppStore|iPhoneSimulator
		{46D5A4C6-2414-4C6C-8B64-A475F85342F0}.AppStore|x64.ActiveCfg = AppStore|iPhone
		{46D5A4C6-2414-4C6C-8B64-A475F85342F0}.AppStore|x64.Build.0 = AppStore|iPhone
		{46D5A4C6-2414-4C6C-8B64-A475F85342F0}.AppStore|x64.Deploy.0 = AppStore|iPhone
		{46D5A4C6-2414-4C6C-8B64-A475F85342F0}.AppStore|x86.ActiveCfg = AppStore|iPhone
		{46D5A4C6-2414-4C6C-8B64-A475F85342F0}.AppStore|x86.Build.0 = AppStore|iPhone
		{46D5A4C6-2414-4C6C-8B64-A475F85342F0}.AppStore|x86.Deploy.0 = AppStore|iPhone
		{46D5A4C6-2414-4C6C-8B64-A475F85342F0}.Debug|Any CPU.ActiveCfg = Debug|iPhoneSimulator
		{46D5A4C6-2414-4C6C-8B64-A475F85342F0}.Debug|Any CPU.Build.0 = Debug|iPhoneSimulator
		{46D5A4C6-2414-4C6C-8B64-A475F85342F0}.Debug|Any CPU.Deploy.0 = Debug|iPhoneSimulator
		{46D5A4C6-2414-4C6C-8B64-A475F85342F0}.Debug|ARM.ActiveCfg = Debug|iPhone
		{46D5A4C6-2414-4C6C-8B64-A475F85342F0}.Debug|ARM.Build.0 = Debug|iPhone
		{46D5A4C6-2414-4C6C-8B64-A475F85342F0}.Debug|ARM.Deploy.0 = Debug|iPhone
		{46D5A4C6-2414-4C6C-8B64-A475F85342F0}.Debug|iPhone.ActiveCfg = Debug|iPhone
		{46D5A4C6-2414-4C6C-8B64-A475F85342F0}.Debug|iPhone.Build.0 = Debug|iPhone
		{46D5A4C6-2414-4C6C-8B64-A475F85342F0}.Debug|iPhone.Deploy.0 = Debug|iPhone
		{46D5A4C6-2414-4C6C-8B64-A475F85342F0}.Debug|iPhoneSimulator.ActiveCfg = Debug|iPhoneSimulator
		{46D5A4C6-2414-4C6C-8B64-A475F85342F0}.Debug|iPhoneSimulator.Build.0 = Debug|iPhoneSimulator
		{46D5A4C6-2414-4C6C-8B64-A475F85342F0}.Debug|iPhoneSimulator.Deploy.0 = Debug|iPhoneSimulator
		{46D5A4C6-2414-4C6C-8B64-A475F85342F0}.Debug|x64.ActiveCfg = Debug|iPhone
		{46D5A4C6-2414-4C6C-8B64-A475F85342F0}.Debug|x64.Build.0 = Debug|iPhone
		{46D5A4C6-2414-4C6C-8B64-A475F85342F0}.Debug|x64.Deploy.0 = Debug|iPhone
		{46D5A4C6-2414-4C6C-8B64-A475F85342F0}.Debug|x86.ActiveCfg = Debug|iPhone
		{46D5A4C6-2414-4C6C-8B64-A475F85342F0}.Debug|x86.Build.0 = Debug|iPhone
		{46D5A4C6-2414-4C6C-8B64-A475F85342F0}.Debug|x86.Deploy.0 = Debug|iPhone
		{46D5A4C6-2414-4C6C-8B64-A475F85342F0}.Release|Any CPU.ActiveCfg = Release|iPhone
		{46D5A4C6-2414-4C6C-8B64-A475F85342F0}.Release|Any CPU.Build.0 = Release|iPhone
		{46D5A4C6-2414-4C6C-8B64-A475F85342F0}.Release|Any CPU.Deploy.0 = Release|iPhone
		{46D5A4C6-2414-4C6C-8B64-A475F85342F0}.Release|ARM.ActiveCfg = Release|iPhone
		{46D5A4C6-2414-4C6C-8B64-A475F85342F0}.Release|ARM.Build.0 = Release|iPhone
		{46D5A4C6-2414-4C6C-8B64-A475F85342F0}.Release|ARM.Deploy.0 = Release|iPhone
		{46D5A4C6-2414-4C6C-8B64-A475F85342F0}.Release|iPhone.ActiveCfg = Release|iPhone
		{46D5A4C6-2414-4C6C-8B64-A475F85342F0}.Release|iPhone.Build.0 = Release|iPhone
		{46D5A4C6-2414-4C6C-8B64-A475F85342F0}.Release|iPhone.Deploy.0 = Release|iPhone
		{46D5A4C6-2414-4C6C-8B64-A475F85342F0}.Release|iPhoneSimulator.ActiveCfg = Release|iPhoneSimulator
		{46D5A4C6-2414-4C6C-8B64-A475F85342F0}.Release|iPhoneSimulator.Build.0 = Release|iPhoneSimulator
		{46D5A4C6-2414-4C6C-8B64-A475F85342F0}.Release|iPhoneSimulator.Deploy.0 = Release|iPhoneSimulator
		{46D5A4C6-2414-4C6C-8B64-A475F85342F0}.Release|x64.ActiveCfg = Release|iPhone
		{46D5A4C6-2414-4C6C-8B64-A475F85342F0}.Release|x64.Build.0 = Release|iPhone
		{46D5A4C6-2414-4C6C-8B64-A475F85342F0}.Release|x64.Deploy.0 = Release|iPhone
		{46D5A4C6-2414-4C6C-8B64-A475F85342F0}.Release|x86.ActiveCfg = Release|iPhone
		{46D5A4C6-2414-4C6C-8B64-A475F85342F0}.Release|x86.Build.0 = Release|iPhone
		{46D5A4C6-2414-4C6C-8B64-A475F85342F0}.Release|x86.Deploy.0 = Release|iPhone
		{1DB10EE5-5AF3-4E72-A08C-F01DB4C3EBAE}.Ad-Hoc|Any CPU.ActiveCfg = Release|x86
		{1DB10EE5-5AF3-4E72-A08C-F01DB4C3EBAE}.Ad-Hoc|Any CPU.Build.0 = Release|x86
		{1DB10EE5-5AF3-4E72-A08C-F01DB4C3EBAE}.Ad-Hoc|Any CPU.Deploy.0 = Release|x86
		{1DB10EE5-5AF3-4E72-A08C-F01DB4C3EBAE}.Ad-Hoc|ARM.ActiveCfg = Release|ARM
		{1DB10EE5-5AF3-4E72-A08C-F01DB4C3EBAE}.Ad-Hoc|ARM.Build.0 = Release|ARM
		{1DB10EE5-5AF3-4E72-A08C-F01DB4C3EBAE}.Ad-Hoc|ARM.Deploy.0 = Release|ARM
		{1DB10EE5-5AF3-4E72-A08C-F01DB4C3EBAE}.Ad-Hoc|iPhone.ActiveCfg = Release|x86
		{1DB10EE5-5AF3-4E72-A08C-F01DB4C3EBAE}.Ad-Hoc|iPhone.Build.0 = Release|x86
		{1DB10EE5-5AF3-4E72-A08C-F01DB4C3EBAE}.Ad-Hoc|iPhone.Deploy.0 = Release|x86
		{1DB10EE5-5AF3-4E72-A08C-F01DB4C3EBAE}.Ad-Hoc|iPhoneSimulator.ActiveCfg = Release|x86
		{1DB10EE5-5AF3-4E72-A08C-F01DB4C3EBAE}.Ad-Hoc|iPhoneSimulator.Build.0 = Release|x86
		{1DB10EE5-5AF3-4E72-A08C-F01DB4C3EBAE}.Ad-Hoc|iPhoneSimulator.Deploy.0 = Release|x86
		{1DB10EE5-5AF3-4E72-A08C-F01DB4C3EBAE}.Ad-Hoc|x64.ActiveCfg = Release|x64
		{1DB10EE5-5AF3-4E72-A08C-F01DB4C3EBAE}.Ad-Hoc|x64.Build.0 = Release|x64
		{1DB10EE5-5AF3-4E72-A08C-F01DB4C3EBAE}.Ad-Hoc|x64.Deploy.0 = Release|x64
		{1DB10EE5-5AF3-4E72-A08C-F01DB4C3EBAE}.Ad-Hoc|x86.ActiveCfg = Release|x86
		{1DB10EE5-5AF3-4E72-A08C-F01DB4C3EBAE}.Ad-Hoc|x86.Build.0 = Release|x86
		{1DB10EE5-5AF3-4E72-A08C-F01DB4C3EBAE}.Ad-Hoc|x86.Deploy.0 = Release|x86
		{1DB10EE5-5AF3-4E72-A08C-F01DB4C3EBAE}.AppStore|Any CPU.ActiveCfg = Release|x86
		{1DB10EE5-5AF3-4E72-A08C-F01DB4C3EBAE}.AppStore|Any CPU.Build.0 = Release|x86
		{1DB10EE5-5AF3-4E72-A08C-F01DB4C3EBAE}.AppStore|Any CPU.Deploy.0 = Release|x86
		{1DB10EE5-5AF3-4E72-A08C-F01DB4C3EBAE}.AppStore|ARM.ActiveCfg = Release|ARM
		{1DB10EE5-5AF3-4E72-A08C-F01DB4C3EBAE}.AppStore|ARM.Build.0 = Release|ARM
		{1DB10EE5-5AF3-4E72-A08C-F01DB4C3EBAE}.AppStore|ARM.Deploy.0 = Release|ARM
		{1DB10EE5-5AF3-4E72-A08C-F01DB4C3EBAE}.AppStore|iPhone.ActiveCfg = Release|x86
		{1DB10EE5-5AF3-4E72-A08C-F01DB4C3EBAE}.AppStore|iPhone.Build.0 = Release|x86
		{1DB10EE5-5AF3-4E72-A08C-F01DB4C3EBAE}.AppStore|iPhone.Deploy.0 = Release|x86
		{1DB10EE5-5AF3-4E72-A08C-F01DB4C3EBAE}.AppStore|iPhoneSimulator.ActiveCfg = Release|x86
		{1DB10EE5-5AF3-4E72-A08C-F01DB4C3EBAE}.AppStore|iPhoneSimulator.Build.0 = Release|x86
		{1DB10EE5-5AF3-4E72-A08C-F01DB4C3EBAE}.AppStore|iPhoneSimulator.Deploy.0 = Release|x86
		{1DB10EE5-5AF3-4E72-A08C-F01DB4C3EBAE}.AppStore|x64.ActiveCfg = Release|x64
		{1DB10EE5-5AF3-4E72-A08C-F01DB4C3EBAE}.AppStore|x64.Build.0 = Release|x64
		{1DB10EE5-5AF3-4E72-A08C-F01DB4C3EBAE}.AppStore|x64.Deploy.0 = Release|x64
		{1DB10EE5-5AF3-4E72-A08C-F01DB4C3EBAE}.AppStore|x86.ActiveCfg = Release|x86
		{1DB10EE5-5AF3-4E72-A08C-F01DB4C3EBAE}.AppStore|x86.Build.0 = Release|x86
		{1DB10EE5-5AF3-4E72-A08C-F01DB4C3EBAE}.AppStore|x86.Deploy.0 = Release|x86
		{1DB10EE5-5AF3-4E72-A08C-F01DB4C3EBAE}.Debug|Any CPU.ActiveCfg = Debug|x86
		{1DB10EE5-5AF3-4E72-A08C-F01DB4C3EBAE}.Debug|Any CPU.Build.0 = Debug|x86
		{1DB10EE5-5AF3-4E72-A08C-F01DB4C3EBAE}.Debug|Any CPU.Deploy.0 = Debug|x86
		{1DB10EE5-5AF3-4E72-A08C-F01DB4C3EBAE}.Debug|ARM.ActiveCfg = Debug|ARM
		{1DB10EE5-5AF3-4E72-A08C-F01DB4C3EBAE}.Debug|ARM.Build.0 = Debug|ARM
		{1DB10EE5-5AF3-4E72-A08C-F01DB4C3EBAE}.Debug|ARM.Deploy.0 = Debug|ARM
		{1DB10EE5-5AF3-4E72-A08C-F01DB4C3EBAE}.Debug|iPhone.ActiveCfg = Debug|x86
		{1DB10EE5-5AF3-4E72-A08C-F01DB4C3EBAE}.Debug|iPhone.Build.0 = Debug|x86
		{1DB10EE5-5AF3-4E72-A08C-F01DB4C3EBAE}.Debug|iPhone.Deploy.0 = Debug|x86
		{1DB10EE5-5AF3-4E72-A08C-F01DB4C3EBAE}.Debug|iPhoneSimulator.ActiveCfg = Debug|x86
		{1DB10EE5-5AF3-4E72-A08C-F01DB4C3EBAE}.Debug|iPhoneSimulator.Build.0 = Debug|x86
		{1DB10EE5-5AF3-4E72-A08C-F01DB4C3EBAE}.Debug|iPhoneSimulator.Deploy.0 = Debug|x86
		{1DB10EE5-5AF3-4E72-A08C-F01DB4C3EBAE}.Debug|x64.ActiveCfg = Debug|x64
		{1DB10EE5-5AF3-4E72-A08C-F01DB4C3EBAE}.Debug|x64.Build.0 = Debug|x64
		{1DB10EE5-5AF3-4E72-A08C-F01DB4C3EBAE}.Debug|x64.Deploy.0 = Debug|x64
		{1DB10EE5-5AF3-4E72-A08C-F01DB4C3EBAE}.Debug|x86.ActiveCfg = Debug|x86
		{1DB10EE5-5AF3-4E72-A08C-F01DB4C3EBAE}.Debug|x86.Build.0 = Debug|x86
		{1DB10EE5-5AF3-4E72-A08C-F01DB4C3EBAE}.Debug|x86.Deploy.0 = Debug|x86
		{1DB10EE5-5AF3-4E72-A08C-F01DB4C3EBAE}.Release|Any CPU.ActiveCfg = Release|x86
		{1DB10EE5-5AF3-4E72-A08C-F01DB4C3EBAE}.Release|Any CPU.Build.0 = Release|x86
		{1DB10EE5-5AF3-4E72-A08C-F01DB4C3EBAE}.Release|Any CPU.Deploy.0 = Release|x86
		{1DB10EE5-5AF3-4E72-A08C-F01DB4C3EBAE}.Release|ARM.ActiveCfg = Release|ARM
		{1DB10EE5-5AF3-4E72-A08C-F01DB4C3EBAE}.Release|ARM.Build.0 = Release|ARM
		{1DB10EE5-5AF3-4E72-A08C-F01DB4C3EBAE}.Release|ARM.Deploy.0 = Release|ARM
		{1DB10EE5-5AF3-4E72-A08C-F01DB4C3EBAE}.Release|iPhone.ActiveCfg = Release|x86
		{1DB10EE5-5AF3-4E72-A08C-F01DB4C3EBAE}.Release|iPhone.Build.0 = Release|x86
		{1DB10EE5-5AF3-4E72-A08C-F01DB4C3EBAE}.Release|iPhone.Deploy.0 = Release|x86
		{1DB10EE5-5AF3-4E72-A08C-F01DB4C3EBAE}.Release|iPhoneSimulator.ActiveCfg = Release|x86
		{1DB10EE5-5AF3-4E72-A08C-F01DB4C3EBAE}.Release|iPhoneSimulator.Build.0 = Release|x86
		{1DB10EE5-5AF3-4E72-A08C-F01DB4C3EBAE}.Release|iPhoneSimulator.Deploy.0 = Release|x86
		{1DB10EE5-5AF3-4E72-A08C-F01DB4C3EBAE}.Release|x64.ActiveCfg = Release|x64
		{1DB10EE5-5AF3-4E72-A08C-F01DB4C3EBAE}.Release|x64.Build.0 = Release|x64
		{1DB10EE5-5AF3-4E72-A08C-F01DB4C3EBAE}.Release|x64.Deploy.0 = Release|x64
		{1DB10EE5-5AF3-4E72-A08C-F01DB4C3EBAE}.Release|x86.ActiveCfg = Release|x86
		{1DB10EE5-5AF3-4E72-A08C-F01DB4C3EBAE}.Release|x86.Build.0 = Release|x86
		{1DB10EE5-5AF3-4E72-A08C-F01DB4C3EBAE}.Release|x86.Deploy.0 = Release|x86
		{BE3CA281-A5AA-4E29-9F7C-D07B61A9530F}.Ad-Hoc|Any CPU.ActiveCfg = Debug|Any CPU
		{BE3CA281-A5AA-4E29-9F7C-D07B61A9530F}.Ad-Hoc|Any CPU.Build.0 = Debug|Any CPU
		{BE3CA281-A5AA-4E29-9F7C-D07B61A9530F}.Ad-Hoc|Any CPU.Deploy.0 = Debug|Any CPU
		{BE3CA281-A5AA-4E29-9F7C-D07B61A9530F}.Ad-Hoc|ARM.ActiveCfg = Debug|Any CPU
		{BE3CA281-A5AA-4E29-9F7C-D07B61A9530F}.Ad-Hoc|ARM.Build.0 = Debug|Any CPU
		{BE3CA281-A5AA-4E29-9F7C-D07B61A9530F}.Ad-Hoc|ARM.Deploy.0 = Debug|Any CPU
		{BE3CA281-A5AA-4E29-9F7C-D07B61A9530F}.Ad-Hoc|iPhone.ActiveCfg = Debug|Any CPU
		{BE3CA281-A5AA-4E29-9F7C-D07B61A9530F}.Ad-Hoc|iPhone.Build.0 = Debug|Any CPU
		{BE3CA281-A5AA-4E29-9F7C-D07B61A9530F}.Ad-Hoc|iPhone.Deploy.0 = Debug|Any CPU
		{BE3CA281-A5AA-4E29-9F7C-D07B61A9530F}.Ad-Hoc|iPhoneSimulator.ActiveCfg = Debug|Any CPU
		{BE3CA281-A5AA-4E29-9F7C-D07B61A9530F}.Ad-Hoc|iPhoneSimulator.Build.0 = Debug|Any CPU
		{BE3CA281-A5AA-4E29-9F7C-D07B61A9530F}.Ad-Hoc|iPhoneSimulator.Deploy.0 = Debug|Any CPU
		{BE3CA281-A5AA-4E29-9F7C-D07B61A9530F}.Ad-Hoc|x64.ActiveCfg = Debug|Any CPU
		{BE3CA281-A5AA-4E29-9F7C-D07B61A9530F}.Ad-Hoc|x64.Build.0 = Debug|Any CPU
		{BE3CA281-A5AA-4E29-9F7C-D07B61A9530F}.Ad-Hoc|x64.Deploy.0 = Debug|Any CPU
		{BE3CA281-A5AA-4E29-9F7C-D07B61A9530F}.Ad-Hoc|x86.ActiveCfg = Debug|Any CPU
		{BE3CA281-A5AA-4E29-9F7C-D07B61A9530F}.Ad-Hoc|x86.Build.0 = Debug|Any CPU
		{BE3CA281-A5AA-4E29-9F7C-D07B61A9530F}.Ad-Hoc|x86.Deploy.0 = Debug|Any CPU
		{BE3CA281-A5AA-4E29-9F7C-D07B61A9530F}.AppStore|Any CPU.ActiveCfg = Debug|Any CPU
		{BE3CA281-A5AA-4E29-9F7C-D07B61A9530F}.AppStore|Any CPU.Build.0 = Debug|Any CPU
		{BE3CA281-A5AA-4E29-9F7C-D07B61A9530F}.AppStore|Any CPU.Deploy.0 = Debug|Any CPU
		{BE3CA281-A5AA-4E29-9F7C-D07B61A9530F}.AppStore|ARM.ActiveCfg = Debug|Any CPU
		{BE3CA281-A5AA-4E29-9F7C-D07B61A9530F}.AppStore|ARM.Build.0 = Debug|Any CPU
		{BE3CA281-A5AA-4E29-9F7C-D07B61A9530F}.AppStore|ARM.Deploy.0 = Debug|Any CPU
		{BE3CA281-A5AA-4E29-9F7C-D07B61A9530F}.AppStore|iPhone.ActiveCfg = Debug|Any CPU
		{BE3CA281-A5AA-4E29-9F7C-D07B61A9530F}.AppStore|iPhone.Build.0 = Debug|Any CPU
		{BE3CA281-A5AA-4E29-9F7C-D07B61A9530F}.AppStore|iPhone.Deploy.0 = Debug|Any CPU
		{BE3CA281-A5AA-4E29-9F7C-D07B61A9530F}.AppStore|iPhoneSimulator.ActiveCfg = Debug|Any CPU
		{BE3CA281-A5AA-4E29-9F7C-D07B61A9530F}.AppStore|iPhoneSimulator.Build.0 = Debug|Any CPU
		{BE3CA281-A5AA-4E29-9F7C-D07B61A9530F}.AppStore|iPhoneSimulator.Deploy.0 = Debug|Any CPU
		{BE3CA281-A5AA-4E29-9F7C-D07B61A9530F}.AppStore|x64.ActiveCfg = Debug|Any CPU
		{BE3CA281-A5AA-4E29-9F7C-D07B61A9530F}.AppStore|x64.Build.0 = Debug|Any CPU
		{BE3CA281-A5AA-4E29-9F7C-D07B61A9530F}.AppStore|x64.Deploy.0 = Debug|Any CPU
		{BE3CA281-A5AA-4E29-9F7C-D07B61A9530F}.AppStore|x86.ActiveCfg = Debug|Any CPU
		{BE3CA281-A5AA-4E29-9F7C-D07B61A9530F}.AppStore|x86.Build.0 = Debug|Any CPU
		{BE3CA281-A5AA-4E29-9F7C-D07B61A9530F}.AppStore|x86.Deploy.0 = Debug|Any CPU
		{BE3CA281-A5AA-4E29-9F7C-D07B61A9530F}.Debug|Any CPU.ActiveCfg = Debug|Any CPU
		{BE3CA281-A5AA-4E29-9F7C-D07B61A9530F}.Debug|Any CPU.Build.0 = Debug|Any CPU
		{BE3CA281-A5AA-4E29-9F7C-D07B61A9530F}.Debug|Any CPU.Deploy.0 = Debug|Any CPU
		{BE3CA281-A5AA-4E29-9F7C-D07B61A9530F}.Debug|ARM.ActiveCfg = Debug|Any CPU
		{BE3CA281-A5AA-4E29-9F7C-D07B61A9530F}.Debug|ARM.Build.0 = Debug|Any CPU
		{BE3CA281-A5AA-4E29-9F7C-D07B61A9530F}.Debug|ARM.Deploy.0 = Debug|Any CPU
		{BE3CA281-A5AA-4E29-9F7C-D07B61A9530F}.Debug|iPhone.ActiveCfg = Debug|Any CPU
		{BE3CA281-A5AA-4E29-9F7C-D07B61A9530F}.Debug|iPhone.Build.0 = Debug|Any CPU
		{BE3CA281-A5AA-4E29-9F7C-D07B61A9530F}.Debug|iPhone.Deploy.0 = Debug|Any CPU
		{BE3CA281-A5AA-4E29-9F7C-D07B61A9530F}.Debug|iPhoneSimulator.ActiveCfg = Debug|Any CPU
		{BE3CA281-A5AA-4E29-9F7C-D07B61A9530F}.Debug|iPhoneSimulator.Build.0 = Debug|Any CPU
		{BE3CA281-A5AA-4E29-9F7C-D07B61A9530F}.Debug|iPhoneSimulator.Deploy.0 = Debug|Any CPU
		{BE3CA281-A5AA-4E29-9F7C-D07B61A9530F}.Debug|x64.ActiveCfg = Debug|Any CPU
		{BE3CA281-A5AA-4E29-9F7C-D07B61A9530F}.Debug|x64.Build.0 = Debug|Any CPU
		{BE3CA281-A5AA-4E29-9F7C-D07B61A9530F}.Debug|x64.Deploy.0 = Debug|Any CPU
		{BE3CA281-A5AA-4E29-9F7C-D07B61A9530F}.Debug|x86.ActiveCfg = Debug|Any CPU
		{BE3CA281-A5AA-4E29-9F7C-D07B61A9530F}.Debug|x86.Build.0 = Debug|Any CPU
		{BE3CA281-A5AA-4E29-9F7C-D07B61A9530F}.Debug|x86.Deploy.0 = Debug|Any CPU
		{BE3CA281-A5AA-4E29-9F7C-D07B61A9530F}.Release|Any CPU.ActiveCfg = Release|Any CPU
		{BE3CA281-A5AA-4E29-9F7C-D07B61A9530F}.Release|Any CPU.Build.0 = Release|Any CPU
		{BE3CA281-A5AA-4E29-9F7C-D07B61A9530F}.Release|Any CPU.Deploy.0 = Release|Any CPU
		{BE3CA281-A5AA-4E29-9F7C-D07B61A9530F}.Release|ARM.ActiveCfg = Release|Any CPU
		{BE3CA281-A5AA-4E29-9F7C-D07B61A9530F}.Release|ARM.Build.0 = Release|Any CPU
		{BE3CA281-A5AA-4E29-9F7C-D07B61A9530F}.Release|ARM.Deploy.0 = Release|Any CPU
		{BE3CA281-A5AA-4E29-9F7C-D07B61A9530F}.Release|iPhone.ActiveCfg = Release|Any CPU
		{BE3CA281-A5AA-4E29-9F7C-D07B61A9530F}.Release|iPhone.Build.0 = Release|Any CPU
		{BE3CA281-A5AA-4E29-9F7C-D07B61A9530F}.Release|iPhone.Deploy.0 = Release|Any CPU
		{BE3CA281-A5AA-4E29-9F7C-D07B61A9530F}.Release|iPhoneSimulator.ActiveCfg = Release|Any CPU
		{BE3CA281-A5AA-4E29-9F7C-D07B61A9530F}.Release|iPhoneSimulator.Build.0 = Release|Any CPU
		{BE3CA281-A5AA-4E29-9F7C-D07B61A9530F}.Release|iPhoneSimulator.Deploy.0 = Release|Any CPU
		{BE3CA281-A5AA-4E29-9F7C-D07B61A9530F}.Release|x64.ActiveCfg = Release|Any CPU
		{BE3CA281-A5AA-4E29-9F7C-D07B61A9530F}.Release|x64.Build.0 = Release|Any CPU
		{BE3CA281-A5AA-4E29-9F7C-D07B61A9530F}.Release|x64.Deploy.0 = Release|Any CPU
		{BE3CA281-A5AA-4E29-9F7C-D07B61A9530F}.Release|x86.ActiveCfg = Release|Any CPU
		{BE3CA281-A5AA-4E29-9F7C-D07B61A9530F}.Release|x86.Build.0 = Release|Any CPU
		{BE3CA281-A5AA-4E29-9F7C-D07B61A9530F}.Release|x86.Deploy.0 = Release|Any CPU
	EndGlobalSection
	GlobalSection(SolutionProperties) = preSolution
		HideSolutionNode = FALSE
	EndGlobalSection
	GlobalSection(ExtensibilityGlobals) = postSolution
		SolutionGuid = {DAB087CE-68B8-4CFE-AD59-C4E52134D45A}
	EndGlobalSection
EndGlobal
